
Microsoft Visual Studio Solution File, Format Version 12.00
# Visual Studio 15
VisualStudioVersion = 15.0.27004.2006
MinimumVisualStudioVersion = 10.0.40219.1
Project("{FAE04EC0-301F-11D3-BF4B-00C04F79EFBC}") = "AVLTree", "AVLTree\AVLTree.csproj", "{EF360C53-D6CC-4248-A008-038223EEF974}"
EndProject
Global
	GlobalSection(SolutionConfigurationPlatforms) = preSolution
		Debug|Any CPU = Debug|Any CPU
		Release|Any CPU = Release|Any CPU
	EndGlobalSection
	GlobalSection(ProjectConfigurationPlatforms) = postSolution
		{EF360C53-D6CC-4248-A008-038223EEF974}.Debug|Any CPU.ActiveCfg = Debug|Any CPU
		{EF360C53-D6CC-4248-A008-038223EEF974}.Debug|Any CPU.Build.0 = Debug|Any CPU
		{EF360C53-D6CC-4248-A008-038223EEF974}.Release|Any CPU.ActiveCfg = Release|Any CPU
		{EF360C53-D6CC-4248-A008-038223EEF974}.Release|Any CPU.Build.0 = Release|Any CPU
	EndGlobalSection
	GlobalSection(SolutionProperties) = preSolution
		HideSolutionNode = FALSE
	EndGlobalSection
	GlobalSection(ExtensibilityGlobals) = postSolution
		SolutionGuid = {9A7654E6-CF1B-4399-B99D-03B2F795CA81}
	EndGlobalSection
EndGlobal
